
Microsoft Visual Studio Solution File, Format Version 12.00
# Visual Studio Version 17
VisualStudioVersion = 17.11.35312.102
MinimumVisualStudioVersion = 10.0.40219.1
Project("{FAE04EC0-301F-11D3-BF4B-00C04F79EFBC}") = "MyStorePOSAPI", "MyStorePOSAPI\MyStorePOSAPI.csproj", "{930C1139-CCEB-4802-948F-8C3F94D34DBE}"
EndProject
Global
	GlobalSection(SolutionConfigurationPlatforms) = preSolution
		Debug|Any CPU = Debug|Any CPU
		Release|Any CPU = Release|Any CPU
	EndGlobalSection
	GlobalSection(ProjectConfigurationPlatforms) = postSolution
		{930C1139-CCEB-4802-948F-8C3F94D34DBE}.Debug|Any CPU.ActiveCfg = Debug|Any CPU
		{930C1139-CCEB-4802-948F-8C3F94D34DBE}.Debug|Any CPU.Build.0 = Debug|Any CPU
		{930C1139-CCEB-4802-948F-8C3F94D34DBE}.Release|Any CPU.ActiveCfg = Release|Any CPU
		{930C1139-CCEB-4802-948F-8C3F94D34DBE}.Release|Any CPU.Build.0 = Release|Any CPU
	EndGlobalSection
	GlobalSection(SolutionProperties) = preSolution
		HideSolutionNode = FALSE
	EndGlobalSection
	GlobalSection(ExtensibilityGlobals) = postSolution
		SolutionGuid = {654C8CBB-70C4-4A15-8C81-D5A16A7D6E6A}
	EndGlobalSection
EndGlobal
